// !$*UTF8*$!
{
	archiveVersion = 1;
	classes = {
	};
	objectVersion = 56;
	objects = {

/* Begin PBXBuildFile section */
		86850F6F28DAE44100DF65D3 /* AppDelegate.swift in Sources */ = {isa = PBXBuildFile; fileRef = 86850F6E28DAE44100DF65D3 /* AppDelegate.swift */; };
		86850F7128DAE44100DF65D3 /* SceneDelegate.swift in Sources */ = {isa = PBXBuildFile; fileRef = 86850F7028DAE44100DF65D3 /* SceneDelegate.swift */; };
		86850F7828DAE44200DF65D3 /* Assets.xcassets in Resources */ = {isa = PBXBuildFile; fileRef = 86850F7728DAE44200DF65D3 /* Assets.xcassets */; };
		86850F7B28DAE44200DF65D3 /* LaunchScreen.storyboard in Resources */ = {isa = PBXBuildFile; fileRef = 86850F7928DAE44200DF65D3 /* LaunchScreen.storyboard */; };
		86850F8728DAEB1E00DF65D3 /* Realm in Frameworks */ = {isa = PBXBuildFile; productRef = 86850F8628DAEB1E00DF65D3 /* Realm */; };
		86850F8928DAEB1E00DF65D3 /* RealmSwift in Frameworks */ = {isa = PBXBuildFile; productRef = 86850F8828DAEB1E00DF65D3 /* RealmSwift */; };
		86850F8C28DAF5FE00DF65D3 /* Task.swift in Sources */ = {isa = PBXBuildFile; fileRef = 86850F8B28DAF5FE00DF65D3 /* Task.swift */; };
		86850F8E28DAF60E00DF65D3 /* TaskList.swift in Sources */ = {isa = PBXBuildFile; fileRef = 86850F8D28DAF60E00DF65D3 /* TaskList.swift */; };
		86850F9228DBC55F00DF65D3 /* Main.storyboard in Resources */ = {isa = PBXBuildFile; fileRef = 86850F9128DBC55F00DF65D3 /* Main.storyboard */; };
		86850F9428DBC58300DF65D3 /* TaskListTVC.swift in Sources */ = {isa = PBXBuildFile; fileRef = 86850F9328DBC58300DF65D3 /* TaskListTVC.swift */; };
		86850F9628DBC59200DF65D3 /* TaskTVC.swift in Sources */ = {isa = PBXBuildFile; fileRef = 86850F9528DBC59200DF65D3 /* TaskTVC.swift */; };
		86850F9828DBC86200DF65D3 /* StorageManager.swift in Sources */ = {isa = PBXBuildFile; fileRef = 86850F9728DBC86200DF65D3 /* StorageManager.swift */; };
		86850F9A28E11C6A00DF65D3 /* UITableViewCellEdit.swift in Sources */ = {isa = PBXBuildFile; fileRef = 86850F9928E11C6A00DF65D3 /* UITableViewCellEdit.swift */; };
/* End PBXBuildFile section */

/* Begin PBXFileReference section */
		86850F6B28DAE44100DF65D3 /* RealmApplic.app */ = {isa = PBXFileReference; explicitFileType = wrapper.application; includeInIndex = 0; path = RealmApplic.app; sourceTree = BUILT_PRODUCTS_DIR; };
		86850F6E28DAE44100DF65D3 /* AppDelegate.swift */ = {isa = PBXFileReference; lastKnownFileType = sourcecode.swift; path = AppDelegate.swift; sourceTree = "<group>"; };
		86850F7028DAE44100DF65D3 /* SceneDelegate.swift */ = {isa = PBXFileReference; lastKnownFileType = sourcecode.swift; path = SceneDelegate.swift; sourceTree = "<group>"; };
		86850F7728DAE44200DF65D3 /* Assets.xcassets */ = {isa = PBXFileReference; lastKnownFileType = folder.assetcatalog; path = Assets.xcassets; sourceTree = "<group>"; };
		86850F7A28DAE44200DF65D3 /* Base */ = {isa = PBXFileReference; lastKnownFileType = file.storyboard; name = Base; path = Base.lproj/LaunchScreen.storyboard; sourceTree = "<group>"; };
		86850F7C28DAE44200DF65D3 /* Info.plist */ = {isa = PBXFileReference; lastKnownFileType = text.plist.xml; path = Info.plist; sourceTree = "<group>"; };
		86850F8B28DAF5FE00DF65D3 /* Task.swift */ = {isa = PBXFileReference; lastKnownFileType = sourcecode.swift; path = Task.swift; sourceTree = "<group>"; };
		86850F8D28DAF60E00DF65D3 /* TaskList.swift */ = {isa = PBXFileReference; lastKnownFileType = sourcecode.swift; path = TaskList.swift; sourceTree = "<group>"; };
		86850F9128DBC55F00DF65D3 /* Main.storyboard */ = {isa = PBXFileReference; lastKnownFileType = file.storyboard; path = Main.storyboard; sourceTree = "<group>"; };
		86850F9328DBC58300DF65D3 /* TaskListTVC.swift */ = {isa = PBXFileReference; lastKnownFileType = sourcecode.swift; path = TaskListTVC.swift; sourceTree = "<group>"; };
		86850F9528DBC59200DF65D3 /* TaskTVC.swift */ = {isa = PBXFileReference; lastKnownFileType = sourcecode.swift; path = TaskTVC.swift; sourceTree = "<group>"; };
		86850F9728DBC86200DF65D3 /* StorageManager.swift */ = {isa = PBXFileReference; lastKnownFileType = sourcecode.swift; path = StorageManager.swift; sourceTree = "<group>"; };
		86850F9928E11C6A00DF65D3 /* UITableViewCellEdit.swift */ = {isa = PBXFileReference; lastKnownFileType = sourcecode.swift; path = UITableViewCellEdit.swift; sourceTree = "<group>"; };
/* End PBXFileReference section */

/* Begin PBXFrameworksBuildPhase section */
		86850F6828DAE44100DF65D3 /* Frameworks */ = {
			isa = PBXFrameworksBuildPhase;
			buildActionMask = 2147483647;
			files = (
				86850F8928DAEB1E00DF65D3 /* RealmSwift in Frameworks */,
				86850F8728DAEB1E00DF65D3 /* Realm in Frameworks */,
			);
			runOnlyForDeploymentPostprocessing = 0;
		};
/* End PBXFrameworksBuildPhase section */

/* Begin PBXGroup section */
		86850F6228DAE44100DF65D3 = {
			isa = PBXGroup;
			children = (
				86850F6D28DAE44100DF65D3 /* RealmApplic */,
				86850F6C28DAE44100DF65D3 /* Products */,
			);
			sourceTree = "<group>";
		};
		86850F6C28DAE44100DF65D3 /* Products */ = {
			isa = PBXGroup;
			children = (
				86850F6B28DAE44100DF65D3 /* RealmApplic.app */,
			);
			name = Products;
			sourceTree = "<group>";
		};
		86850F6D28DAE44100DF65D3 /* RealmApplic */ = {
			isa = PBXGroup;
			children = (
				86850F8F28DBC52400DF65D3 /* Extensitons */,
				86850F9028DBC52C00DF65D3 /* Managers */,
				86850F8A28DAF5EE00DF65D3 /* Models */,
				86850F8428DAE52A00DF65D3 /* Flow */,
				86850F8328DAE52100DF65D3 /* Views */,
				86850F8228DAE50E00DF65D3 /* Delegates */,
				86850F7728DAE44200DF65D3 /* Assets.xcassets */,
				86850F7C28DAE44200DF65D3 /* Info.plist */,
			);
			path = RealmApplic;
			sourceTree = "<group>";
		};
		86850F8228DAE50E00DF65D3 /* Delegates */ = {
			isa = PBXGroup;
			children = (
				86850F6E28DAE44100DF65D3 /* AppDelegate.swift */,
				86850F7028DAE44100DF65D3 /* SceneDelegate.swift */,
			);
			path = Delegates;
			sourceTree = "<group>";
		};
		86850F8328DAE52100DF65D3 /* Views */ = {
			isa = PBXGroup;
			children = (
				86850F9128DBC55F00DF65D3 /* Main.storyboard */,
				86850F7928DAE44200DF65D3 /* LaunchScreen.storyboard */,
			);
			path = Views;
			sourceTree = "<group>";
		};
		86850F8428DAE52A00DF65D3 /* Flow */ = {
			isa = PBXGroup;
			children = (
				86850F9328DBC58300DF65D3 /* TaskListTVC.swift */,
				86850F9528DBC59200DF65D3 /* TaskTVC.swift */,
			);
			path = Flow;
			sourceTree = "<group>";
		};
		86850F8A28DAF5EE00DF65D3 /* Models */ = {
			isa = PBXGroup;
			children = (
				86850F8B28DAF5FE00DF65D3 /* Task.swift */,
				86850F8D28DAF60E00DF65D3 /* TaskList.swift */,
			);
			path = Models;
			sourceTree = "<group>";
		};
		86850F8F28DBC52400DF65D3 /* Extensitons */ = {
			isa = PBXGroup;
			children = (
				86850F9928E11C6A00DF65D3 /* UITableViewCellEdit.swift */,
			);
			path = Extensitons;
			sourceTree = "<group>";
		};
		86850F9028DBC52C00DF65D3 /* Managers */ = {
			isa = PBXGroup;
			children = (
				86850F9728DBC86200DF65D3 /* StorageManager.swift */,
			);
			path = Managers;
			sourceTree = "<group>";
		};
/* End PBXGroup section */

/* Begin PBXNativeTarget section */
		86850F6A28DAE44100DF65D3 /* RealmApplic */ = {
			isa = PBXNativeTarget;
			buildConfigurationList = 86850F7F28DAE44200DF65D3 /* Build configuration list for PBXNativeTarget "RealmApplic" */;
			buildPhases = (
				86850F6728DAE44100DF65D3 /* Sources */,
				86850F6828DAE44100DF65D3 /* Frameworks */,
				86850F6928DAE44100DF65D3 /* Resources */,
			);
			buildRules = (
			);
			dependencies = (
			);
			name = RealmApplic;
			packageProductDependencies = (
				86850F8628DAEB1E00DF65D3 /* Realm */,
				86850F8828DAEB1E00DF65D3 /* RealmSwift */,
			);
			productName = RealmApplic;
			productReference = 86850F6B28DAE44100DF65D3 /* RealmApplic.app */;
			productType = "com.apple.product-type.application";
		};
/* End PBXNativeTarget section */

/* Begin PBXProject section */
		86850F6328DAE44100DF65D3 /* Project object */ = {
			isa = PBXProject;
			attributes = {
				BuildIndependentTargetsInParallel = 1;
				LastSwiftUpdateCheck = 1400;
				LastUpgradeCheck = 1400;
				TargetAttributes = {
					86850F6A28DAE44100DF65D3 = {
						CreatedOnToolsVersion = 14.0;
					};
				};
			};
			buildConfigurationList = 86850F6628DAE44100DF65D3 /* Build configuration list for PBXProject "RealmApplic" */;
			compatibilityVersion = "Xcode 14.0";
			developmentRegion = en;
			hasScannedForEncodings = 0;
			knownRegions = (
				en,
				Base,
			);
			mainGroup = 86850F6228DAE44100DF65D3;
			packageReferences = (
				86850F8528DAEB1E00DF65D3 /* XCRemoteSwiftPackageReference "realm-swift" */,
			);
			productRefGroup = 86850F6C28DAE44100DF65D3 /* Products */;
			projectDirPath = "";
			projectRoot = "";
			targets = (
				86850F6A28DAE44100DF65D3 /* RealmApplic */,
			);
		};
/* End PBXProject section */

/* Begin PBXResourcesBuildPhase section */
		86850F6928DAE44100DF65D3 /* Resources */ = {
			isa = PBXResourcesBuildPhase;
			buildActionMask = 2147483647;
			files = (
				86850F9228DBC55F00DF65D3 /* Main.storyboard in Resources */,
				86850F7B28DAE44200DF65D3 /* LaunchScreen.storyboard in Resources */,
				86850F7828DAE44200DF65D3 /* Assets.xcassets in Resources */,
			);
			runOnlyForDeploymentPostprocessing = 0;
		};
/* End PBXResourcesBuildPhase section */

/* Begin PBXSourcesBuildPhase section */
		86850F6728DAE44100DF65D3 /* Sources */ = {
			isa = PBXSourcesBuildPhase;
			buildActionMask = 2147483647;
			files = (
				86850F9628DBC59200DF65D3 /* TaskTVC.swift in Sources */,
				86850F9428DBC58300DF65D3 /* TaskListTVC.swift in Sources */,
				86850F8C28DAF5FE00DF65D3 /* Task.swift in Sources */,
				86850F9A28E11C6A00DF65D3 /* UITableViewCellEdit.swift in Sources */,
				86850F9828DBC86200DF65D3 /* StorageManager.swift in Sources */,
				86850F8E28DAF60E00DF65D3 /* TaskList.swift in Sources */,
				86850F6F28DAE44100DF65D3 /* AppDelegate.swift in Sources */,
				86850F7128DAE44100DF65D3 /* SceneDelegate.swift in Sources */,
			);
			runOnlyForDeploymentPostprocessing = 0;
		};
/* End PBXSourcesBuildPhase section */

/* Begin PBXVariantGroup section */
		86850F7928DAE44200DF65D3 /* LaunchScreen.storyboard */ = {
			isa = PBXVariantGroup;
			children = (
				86850F7A28DAE44200DF65D3 /* Base */,
			);
			name = LaunchScreen.storyboard;
			sourceTree = "<group>";
		};
/* End PBXVariantGroup section */

/* Begin XCBuildConfiguration section */
		86850F7D28DAE44200DF65D3 /* Debug */ = {
			isa = XCBuildConfiguration;
			buildSettings = {
				ALWAYS_SEARCH_USER_PATHS = NO;
				CLANG_ANALYZER_NONNULL = YES;
				CLANG_ANALYZER_NUMBER_OBJECT_CONVERSION = YES_AGGRESSIVE;
				CLANG_CXX_LANGUAGE_STANDARD = "gnu++20";
				CLANG_ENABLE_MODULES = YES;
				CLANG_ENABLE_OBJC_ARC = YES;
				CLANG_ENABLE_OBJC_WEAK = YES;
				CLANG_WARN_BLOCK_CAPTURE_AUTORELEASING = YES;
				CLANG_WARN_BOOL_CONVERSION = YES;
				CLANG_WARN_COMMA = YES;
				CLANG_WARN_CONSTANT_CONVERSION = YES;
				CLANG_WARN_DEPRECATED_OBJC_IMPLEMENTATIONS = YES;
				CLANG_WARN_DIRECT_OBJC_ISA_USAGE = YES_ERROR;
				CLANG_WARN_DOCUMENTATION_COMMENTS = YES;
				CLANG_WARN_EMPTY_BODY = YES;
				CLANG_WARN_ENUM_CONVERSION = YES;
				CLANG_WARN_INFINITE_RECURSION = YES;
				CLANG_WARN_INT_CONVERSION = YES;
				CLANG_WARN_NON_LITERAL_NULL_CONVERSION = YES;
				CLANG_WARN_OBJC_IMPLICIT_RETAIN_SELF = YES;
				CLANG_WARN_OBJC_LITERAL_CONVERSION = YES;
				CLANG_WARN_OBJC_ROOT_CLASS = YES_ERROR;
				CLANG_WARN_QUOTED_INCLUDE_IN_FRAMEWORK_HEADER = YES;
				CLANG_WARN_RANGE_LOOP_ANALYSIS = YES;
				CLANG_WARN_STRICT_PROTOTYPES = YES;
				CLANG_WARN_SUSPICIOUS_MOVE = YES;
				CLANG_WARN_UNGUARDED_AVAILABILITY = YES_AGGRESSIVE;
				CLANG_WARN_UNREACHABLE_CODE = YES;
				CLANG_WARN__DUPLICATE_METHOD_MATCH = YES;
				COPY_PHASE_STRIP = NO;
				DEBUG_INFORMATION_FORMAT = dwarf;
				ENABLE_STRICT_OBJC_MSGSEND = YES;
				ENABLE_TESTABILITY = YES;
				GCC_C_LANGUAGE_STANDARD = gnu11;
				GCC_DYNAMIC_NO_PIC = NO;
				GCC_NO_COMMON_BLOCKS = YES;
				GCC_OPTIMIZATION_LEVEL = 0;
				GCC_PREPROCESSOR_DEFINITIONS = (
					"DEBUG=1",
					"$(inherited)",
				);
				GCC_WARN_64_TO_32_BIT_CONVERSION = YES;
				GCC_WARN_ABOUT_RETURN_TYPE = YES_ERROR;
				GCC_WARN_UNDECLARED_SELECTOR = YES;
				GCC_WARN_UNINITIALIZED_AUTOS = YES_AGGRESSIVE;
				GCC_WARN_UNUSED_FUNCTION = YES;
				GCC_WARN_UNUSED_VARIABLE = YES;
				IPHONEOS_DEPLOYMENT_TARGET = 16.0;
				MTL_ENABLE_DEBUG_INFO = INCLUDE_SOURCE;
				MTL_FAST_MATH = YES;
				ONLY_ACTIVE_ARCH = YES;
				SDKROOT = iphoneos;
				SWIFT_ACTIVE_COMPILATION_CONDITIONS = DEBUG;
				SWIFT_OPTIMIZATION_LEVEL = "-Onone";
			};
			name = Debug;
		};
		86850F7E28DAE44200DF65D3 /* Release */ = {
			isa = XCBuildConfiguration;
			buildSettings = {
				ALWAYS_SEARCH_USER_PATHS = NO;
				CLANG_ANALYZER_NONNULL = YES;
				CLANG_ANALYZER_NUMBER_OBJECT_CONVERSION = YES_AGGRESSIVE;
				CLANG_CXX_LANGUAGE_STANDARD = "gnu++20";
				CLANG_ENABLE_MODULES = YES;
				CLANG_ENABLE_OBJC_ARC = YES;
				CLANG_ENABLE_OBJC_WEAK = YES;
				CLANG_WARN_BLOCK_CAPTURE_AUTORELEASING = YES;
				CLANG_WARN_BOOL_CONVERSION = YES;
				CLANG_WARN_COMMA = YES;
				CLANG_WARN_CONSTANT_CONVERSION = YES;
				CLANG_WARN_DEPRECATED_OBJC_IMPLEMENTATIONS = YES;
				CLANG_WARN_DIRECT_OBJC_ISA_USAGE = YES_ERROR;
				CLANG_WARN_DOCUMENTATION_COMMENTS = YES;
				CLANG_WARN_EMPTY_BODY = YES;
				CLANG_WARN_ENUM_CONVERSION = YES;
				CLANG_WARN_INFINITE_RECURSION = YES;
				CLANG_WARN_INT_CONVERSION = YES;
				CLANG_WARN_NON_LITERAL_NULL_CONVERSION = YES;
				CLANG_WARN_OBJC_IMPLICIT_RETAIN_SELF = YES;
				CLANG_WARN_OBJC_LITERAL_CONVERSION = YES;
				CLANG_WARN_OBJC_ROOT_CLASS = YES_ERROR;
				CLANG_WARN_QUOTED_INCLUDE_IN_FRAMEWORK_HEADER = YES;
				CLANG_WARN_RANGE_LOOP_ANALYSIS = YES;
				CLANG_WARN_STRICT_PROTOTYPES = YES;
				CLANG_WARN_SUSPICIOUS_MOVE = YES;
				CLANG_WARN_UNGUARDED_AVAILABILITY = YES_AGGRESSIVE;
				CLANG_WARN_UNREACHABLE_CODE = YES;
				CLANG_WARN__DUPLICATE_METHOD_MATCH = YES;
				COPY_PHASE_STRIP = NO;
				DEBUG_INFORMATION_FORMAT = "dwarf-with-dsym";
				ENABLE_NS_ASSERTIONS = NO;
				ENABLE_STRICT_OBJC_MSGSEND = YES;
				GCC_C_LANGUAGE_STANDARD = gnu11;
				GCC_NO_COMMON_BLOCKS = YES;
				GCC_WARN_64_TO_32_BIT_CONVERSION = YES;
				GCC_WARN_ABOUT_RETURN_TYPE = YES_ERROR;
				GCC_WARN_UNDECLARED_SELECTOR = YES;
				GCC_WARN_UNINITIALIZED_AUTOS = YES_AGGRESSIVE;
				GCC_WARN_UNUSED_FUNCTION = YES;
				GCC_WARN_UNUSED_VARIABLE = YES;
				IPHONEOS_DEPLOYMENT_TARGET = 16.0;
				MTL_ENABLE_DEBUG_INFO = NO;
				MTL_FAST_MATH = YES;
				SDKROOT = iphoneos;
				SWIFT_COMPILATION_MODE = wholemodule;
				SWIFT_OPTIMIZATION_LEVEL = "-O";
				VALIDATE_PRODUCT = YES;
			};
			name = Release;
		};
		86850F8028DAE44200DF65D3 /* Debug */ = {
			isa = XCBuildConfiguration;
			buildSettings = {
				ASSETCATALOG_COMPILER_APPICON_NAME = AppIcon;
				ASSETCATALOG_COMPILER_GLOBAL_ACCENT_COLOR_NAME = AccentColor;
				CODE_SIGN_STYLE = Automatic;
				CURRENT_PROJECT_VERSION = 1;
				DEVELOPMENT_TEAM = 93CY94Z655;
				GENERATE_INFOPLIST_FILE = YES;
				INFOPLIST_FILE = RealmApplic/Info.plist;
				INFOPLIST_KEY_UIApplicationSupportsIndirectInputEvents = YES;
				INFOPLIST_KEY_UILaunchStoryboardName = LaunchScreen;
				INFOPLIST_KEY_UIMainStoryboardFile = Main;
				INFOPLIST_KEY_UISupportedInterfaceOrientations_iPad = "UIInterfaceOrientationPortrait UIInterfaceOrientationPortraitUpsideDown UIInterfaceOrientationLandscapeLeft UIInterfaceOrientationLandscapeRight";
				INFOPLIST_KEY_UISupportedInterfaceOrientations_iPhone = "UIInterfaceOrientationPortrait UIInterfaceOrientationLandscapeLeft UIInterfaceOrientationLandscapeRight";
				LD_RUNPATH_SEARCH_PATHS = (
					"$(inherited)",
					"@executable_path/Frameworks",
				);
				MARKETING_VERSION = 1.0;
				PRODUCT_BUNDLE_IDENTIFIER = by.RealmApplic.RealmApplic;
				PRODUCT_NAME = "$(TARGET_NAME)";
				SWIFT_EMIT_LOC_STRINGS = YES;
				SWIFT_VERSION = 5.0;
				TARGETED_DEVICE_FAMILY = "1,2";
			};
			name = Debug;
		};
		86850F8128DAE44200DF65D3 /* Release */ = {
			isa = XCBuildConfiguration;
			buildSettings = {
				ASSETCATALOG_COMPILER_APPICON_NAME = AppIcon;
				ASSETCATALOG_COMPILER_GLOBAL_ACCENT_COLOR_NAME = AccentColor;
				CODE_SIGN_STYLE = Automatic;
				CURRENT_PROJECT_VERSION = 1;
				DEVELOPMENT_TEAM = 93CY94Z655;
				GENERATE_INFOPLIST_FILE = YES;
				INFOPLIST_FILE = RealmApplic/Info.plist;
				INFOPLIST_KEY_UIApplicationSupportsIndirectInputEvents = YES;
				INFOPLIST_KEY_UILaunchStoryboardName = LaunchScreen;
				INFOPLIST_KEY_UIMainStoryboardFile = Main;
				INFOPLIST_KEY_UISupportedInterfaceOrientations_iPad = "UIInterfaceOrientationPortrait UIInterfaceOrientationPortraitUpsideDown UIInterfaceOrientationLandscapeLeft UIInterfaceOrientationLandscapeRight";
				INFOPLIST_KEY_UISupportedInterfaceOrientations_iPhone = "UIInterfaceOrientationPortrait UIInterfaceOrientationLandscapeLeft UIInterfaceOrientationLandscapeRight";
				LD_RUNPATH_SEARCH_PATHS = (
					"$(inherited)",
					"@executable_path/Frameworks",
				);
				MARKETING_VERSION = 1.0;
				PRODUCT_BUNDLE_IDENTIFIER = by.RealmApplic.RealmApplic;
				PRODUCT_NAME = "$(TARGET_NAME)";
				SWIFT_EMIT_LOC_STRINGS = YES;
				SWIFT_VERSION = 5.0;
				TARGETED_DEVICE_FAMILY = "1,2";
			};
			name = Release;
		};
/* End XCBuildConfiguration section */

/* Begin XCConfigurationList section */
		86850F6628DAE44100DF65D3 /* Build configuration list for PBXProject "RealmApplic" */ = {
			isa = XCConfigurationList;
			buildConfigurations = (
				86850F7D28DAE44200DF65D3 /* Debug */,
				86850F7E28DAE44200DF65D3 /* Release */,
			);
			defaultConfigurationIsVisible = 0;
			defaultConfigurationName = Release;
		};
		86850F7F28DAE44200DF65D3 /* Build configuration list for PBXNativeTarget "RealmApplic" */ = {
			isa = XCConfigurationList;
			buildConfigurations = (
				86850F8028DAE44200DF65D3 /* Debug */,
				86850F8128DAE44200DF65D3 /* Release */,
			);
			defaultConfigurationIsVisible = 0;
			defaultConfigurationName = Release;
		};
/* End XCConfigurationList section */

/* Begin XCRemoteSwiftPackageReference section */
		86850F8528DAEB1E00DF65D3 /* XCRemoteSwiftPackageReference "realm-swift" */ = {
			isa = XCRemoteSwiftPackageReference;
			repositoryURL = "https://github.com/realm/realm-swift.git";
			requirement = {
				kind = upToNextMajorVersion;
				minimumVersion = 10.30.0;
			};
		};
/* End XCRemoteSwiftPackageReference section */

/* Begin XCSwiftPackageProductDependency section */
		86850F8628DAEB1E00DF65D3 /* Realm */ = {
			isa = XCSwiftPackageProductDependency;
			package = 86850F8528DAEB1E00DF65D3 /* XCRemoteSwiftPackageReference "realm-swift" */;
			productName = Realm;
		};
		86850F8828DAEB1E00DF65D3 /* RealmSwift */ = {
			isa = XCSwiftPackageProductDependency;
			package = 86850F8528DAEB1E00DF65D3 /* XCRemoteSwiftPackageReference "realm-swift" */;
			productName = RealmSwift;
		};
/* End XCSwiftPackageProductDependency section */
	};
	rootObject = 86850F6328DAE44100DF65D3 /* Project object */;
}
